
Microsoft Visual Studio Solution File, Format Version 12.00
# Visual Studio Version 16
VisualStudioVersion = 16.0.31025.194
MinimumVisualStudioVersion = 10.0.40219.1
Project("{FAE04EC0-301F-11D3-BF4B-00C04F79EFBC}") = "SuperMaket_project", "SuperMaket_project.csproj", "{D1412842-DF04-4DE4-A02C-5170B9B9FE09}"
EndProject
Global
	GlobalSection(SolutionConfigurationPlatforms) = preSolution
		Debug|Any CPU = Debug|Any CPU
		Release|Any CPU = Release|Any CPU
	EndGlobalSection
	GlobalSection(ProjectConfigurationPlatforms) = postSolution
		{D1412842-DF04-4DE4-A02C-5170B9B9FE09}.Debug|Any CPU.ActiveCfg = Debug|Any CPU
		{D1412842-DF04-4DE4-A02C-5170B9B9FE09}.Debug|Any CPU.Build.0 = Debug|Any CPU
		{D1412842-DF04-4DE4-A02C-5170B9B9FE09}.Release|Any CPU.ActiveCfg = Release|Any CPU
		{D1412842-DF04-4DE4-A02C-5170B9B9FE09}.Release|Any CPU.Build.0 = Release|Any CPU
	EndGlobalSection
	GlobalSection(SolutionProperties) = preSolution
		HideSolutionNode = FALSE
	EndGlobalSection
	GlobalSection(ExtensibilityGlobals) = postSolution
		SolutionGuid = {58E822D3-39E8-4F23-A272-EDCEAC19BF78}
	EndGlobalSection
EndGlobal
